
Microsoft Visual Studio Solution File, Format Version 12.00
# Visual Studio Version 16
VisualStudioVersion = 16.0.29409.12
MinimumVisualStudioVersion = 10.0.40219.1
Project("{8BC9CEB8-8B4A-11D0-8D11-00A0C91BC942}") = "CppPrimer_Notes", "CppPrimer_Notes\CppPrimer_Notes.vcxproj", "{687B57A4-28AC-45E1-9A9E-A8875D0DFA45}"
EndProject
Project("{8BC9CEB8-8B4A-11D0-8D11-00A0C91BC942}") = "CppPrimer_Template", "..\CppPrimer_Template\CppPrimer_Template.vcxproj", "{753C7F4D-9AD3-4604-8789-CD142407665E}"
EndProject
Project("{8BC9CEB8-8B4A-11D0-8D11-00A0C91BC942}") = "CppPrimer_Cmake", "..\CppPrimer_Cmake\CppPrimer_Cmake.vcxproj", "{F1D42663-0656-45AF-9057-23D97845491D}"
EndProject
Project("{8BC9CEB8-8B4A-11D0-8D11-00A0C91BC942}") = "CppPrimer_ParemetersInMain", "..\CppPrimer_ParemetersInMain\CppPrimer_ParemetersInMain.vcxproj", "{AAA851A3-B8A7-4FA6-8E1B-0C78BEE3AF0A}"
EndProject
Project("{8BC9CEB8-8B4A-11D0-8D11-00A0C91BC942}") = "CppPrimer_DynamicArray", "..\CppPrimer_DynamicArray\CppPrimer_DynamicArray.vcxproj", "{C8829174-2379-49BC-A047-F407A98CB99B}"
EndProject
Global
	GlobalSection(SolutionConfigurationPlatforms) = preSolution
		Debug|x64 = Debug|x64
		Debug|x86 = Debug|x86
		Release|x64 = Release|x64
		Release|x86 = Release|x86
	EndGlobalSection
	GlobalSection(ProjectConfigurationPlatforms) = postSolution
		{687B57A4-28AC-45E1-9A9E-A8875D0DFA45}.Debug|x64.ActiveCfg = Debug|x64
		{687B57A4-28AC-45E1-9A9E-A8875D0DFA45}.Debug|x64.Build.0 = Debug|x64
		{687B57A4-28AC-45E1-9A9E-A8875D0DFA45}.Debug|x86.ActiveCfg = Debug|Win32
		{687B57A4-28AC-45E1-9A9E-A8875D0DFA45}.Debug|x86.Build.0 = Debug|Win32
		{687B57A4-28AC-45E1-9A9E-A8875D0DFA45}.Release|x64.ActiveCfg = Release|x64
		{687B57A4-28AC-45E1-9A9E-A8875D0DFA45}.Release|x64.Build.0 = Release|x64
		{687B57A4-28AC-45E1-9A9E-A8875D0DFA45}.Release|x86.ActiveCfg = Release|Win32
		{687B57A4-28AC-45E1-9A9E-A8875D0DFA45}.Release|x86.Build.0 = Release|Win32
		{753C7F4D-9AD3-4604-8789-CD142407665E}.Debug|x64.ActiveCfg = Debug|x64
		{753C7F4D-9AD3-4604-8789-CD142407665E}.Debug|x64.Build.0 = Debug|x64
		{753C7F4D-9AD3-4604-8789-CD142407665E}.Debug|x86.ActiveCfg = Debug|Win32
		{753C7F4D-9AD3-4604-8789-CD142407665E}.Debug|x86.Build.0 = Debug|Win32
		{753C7F4D-9AD3-4604-8789-CD142407665E}.Release|x64.ActiveCfg = Release|x64
		{753C7F4D-9AD3-4604-8789-CD142407665E}.Release|x64.Build.0 = Release|x64
		{753C7F4D-9AD3-4604-8789-CD142407665E}.Release|x86.ActiveCfg = Release|Win32
		{753C7F4D-9AD3-4604-8789-CD142407665E}.Release|x86.Build.0 = Release|Win32
		{F1D42663-0656-45AF-9057-23D97845491D}.Debug|x64.ActiveCfg = Debug|x64
		{F1D42663-0656-45AF-9057-23D97845491D}.Debug|x64.Build.0 = Debug|x64
		{F1D42663-0656-45AF-9057-23D97845491D}.Debug|x86.ActiveCfg = Debug|Win32
		{F1D42663-0656-45AF-9057-23D97845491D}.Debug|x86.Build.0 = Debug|Win32
		{F1D42663-0656-45AF-9057-23D97845491D}.Release|x64.ActiveCfg = Release|x64
		{F1D42663-0656-45AF-9057-23D97845491D}.Release|x64.Build.0 = Release|x64
		{F1D42663-0656-45AF-9057-23D97845491D}.Release|x86.ActiveCfg = Release|Win32
		{F1D42663-0656-45AF-9057-23D97845491D}.Release|x86.Build.0 = Release|Win32
		{AAA851A3-B8A7-4FA6-8E1B-0C78BEE3AF0A}.Debug|x64.ActiveCfg = Debug|x64
		{AAA851A3-B8A7-4FA6-8E1B-0C78BEE3AF0A}.Debug|x64.Build.0 = Debug|x64
		{AAA851A3-B8A7-4FA6-8E1B-0C78BEE3AF0A}.Debug|x86.ActiveCfg = Debug|Win32
		{AAA851A3-B8A7-4FA6-8E1B-0C78BEE3AF0A}.Debug|x86.Build.0 = Debug|Win32
		{AAA851A3-B8A7-4FA6-8E1B-0C78BEE3AF0A}.Release|x64.ActiveCfg = Release|x64
		{AAA851A3-B8A7-4FA6-8E1B-0C78BEE3AF0A}.Release|x64.Build.0 = Release|x64
		{AAA851A3-B8A7-4FA6-8E1B-0C78BEE3AF0A}.Release|x86.ActiveCfg = Release|Win32
		{AAA851A3-B8A7-4FA6-8E1B-0C78BEE3AF0A}.Release|x86.Build.0 = Release|Win32
		{C8829174-2379-49BC-A047-F407A98CB99B}.Debug|x64.ActiveCfg = Debug|x64
		{C8829174-2379-49BC-A047-F407A98CB99B}.Debug|x64.Build.0 = Debug|x64
		{C8829174-2379-49BC-A047-F407A98CB99B}.Debug|x86.ActiveCfg = Debug|Win32
		{C8829174-2379-49BC-A047-F407A98CB99B}.Debug|x86.Build.0 = Debug|Win32
		{C8829174-2379-49BC-A047-F407A98CB99B}.Release|x64.ActiveCfg = Release|x64
		{C8829174-2379-49BC-A047-F407A98CB99B}.Release|x64.Build.0 = Release|x64
		{C8829174-2379-49BC-A047-F407A98CB99B}.Release|x86.ActiveCfg = Release|Win32
		{C8829174-2379-49BC-A047-F407A98CB99B}.Release|x86.Build.0 = Release|Win32
	EndGlobalSection
	GlobalSection(SolutionProperties) = preSolution
		HideSolutionNode = FALSE
	EndGlobalSection
	GlobalSection(ExtensibilityGlobals) = postSolution
		SolutionGuid = {BF62D544-0338-4D96-AB93-F36BD523417A}
	EndGlobalSection
EndGlobal
